
Microsoft Visual Studio Solution File, Format Version 12.00
# Visual Studio Version 16
VisualStudioVersion = 16.0.31424.327
MinimumVisualStudioVersion = 10.0.40219.1
Project("{FAE04EC0-301F-11D3-BF4B-00C04F79EFBC}") = "skic_crypto", "skic_crypto\skic_crypto.csproj", "{08BE28F8-C8A6-4B55-938D-5A8B61569320}"
EndProject
Global
	GlobalSection(SolutionConfigurationPlatforms) = preSolution
		Debug|Any CPU = Debug|Any CPU
		Release|Any CPU = Release|Any CPU
	EndGlobalSection
	GlobalSection(ProjectConfigurationPlatforms) = postSolution
		{08BE28F8-C8A6-4B55-938D-5A8B61569320}.Debug|Any CPU.ActiveCfg = Debug|Any CPU
		{08BE28F8-C8A6-4B55-938D-5A8B61569320}.Debug|Any CPU.Build.0 = Debug|Any CPU
		{08BE28F8-C8A6-4B55-938D-5A8B61569320}.Release|Any CPU.ActiveCfg = Release|Any CPU
		{08BE28F8-C8A6-4B55-938D-5A8B61569320}.Release|Any CPU.Build.0 = Release|Any CPU
	EndGlobalSection
	GlobalSection(SolutionProperties) = preSolution
		HideSolutionNode = FALSE
	EndGlobalSection
	GlobalSection(ExtensibilityGlobals) = postSolution
		SolutionGuid = {D1464AF4-51C7-4F9A-83F3-05BF402CED00}
	EndGlobalSection
EndGlobal
